
Microsoft Visual Studio Solution File, Format Version 12.00
# Visual Studio Version 17
VisualStudioVersion = 17.6.33801.468
MinimumVisualStudioVersion = 10.0.40219.1
Project("{FAE04EC0-301F-11D3-BF4B-00C04F79EFBC}") = "Hello World", "Hello World\Hello World.csproj", "{FCD7B5EB-739B-452D-8F65-F62C3D1D8AC7}"
EndProject
Global
	GlobalSection(SolutionConfigurationPlatforms) = preSolution
		Debug|Any CPU = Debug|Any CPU
		Release|Any CPU = Release|Any CPU
	EndGlobalSection
	GlobalSection(ProjectConfigurationPlatforms) = postSolution
		{FCD7B5EB-739B-452D-8F65-F62C3D1D8AC7}.Debug|Any CPU.ActiveCfg = Debug|Any CPU
		{FCD7B5EB-739B-452D-8F65-F62C3D1D8AC7}.Debug|Any CPU.Build.0 = Debug|Any CPU
		{FCD7B5EB-739B-452D-8F65-F62C3D1D8AC7}.Release|Any CPU.ActiveCfg = Release|Any CPU
		{FCD7B5EB-739B-452D-8F65-F62C3D1D8AC7}.Release|Any CPU.Build.0 = Release|Any CPU
	EndGlobalSection
	GlobalSection(SolutionProperties) = preSolution
		HideSolutionNode = FALSE
	EndGlobalSection
	GlobalSection(ExtensibilityGlobals) = postSolution
		SolutionGuid = {5926EAE0-086E-461A-8144-83E766F23750}
	EndGlobalSection
EndGlobal
